// !$*UTF8*$!
{
	archiveVersion = 1;
	classes = {
	};
	objectVersion = 46;
	objects = {

/* Begin PBXBuildFile section */
		A3B7BC341E7F1E4E00DB8EBF /* AppDelegate.swift in Sources */ = {isa = PBXBuildFile; fileRef = A3B7BC331E7F1E4E00DB8EBF /* AppDelegate.swift */; };
		A3B7BC361E7F1E4E00DB8EBF /* ViewController.swift in Sources */ = {isa = PBXBuildFile; fileRef = A3B7BC351E7F1E4E00DB8EBF /* ViewController.swift */; };
		A3B7BC391E7F1E4E00DB8EBF /* Main.storyboard in Resources */ = {isa = PBXBuildFile; fileRef = A3B7BC371E7F1E4E00DB8EBF /* Main.storyboard */; };
		A3B7BC3C1E7F1E4E00DB8EBF /* DreamLister.xcdatamodeld in Sources */ = {isa = PBXBuildFile; fileRef = A3B7BC3A1E7F1E4E00DB8EBF /* DreamLister.xcdatamodeld */; };
		A3B7BC3E1E7F1E4E00DB8EBF /* Assets.xcassets in Resources */ = {isa = PBXBuildFile; fileRef = A3B7BC3D1E7F1E4E00DB8EBF /* Assets.xcassets */; };
		A3B7BC411E7F1E4E00DB8EBF /* LaunchScreen.storyboard in Resources */ = {isa = PBXBuildFile; fileRef = A3B7BC3F1E7F1E4E00DB8EBF /* LaunchScreen.storyboard */; };
/* End PBXBuildFile section */

/* Begin PBXFileReference section */
		A3B7BC301E7F1E4E00DB8EBF /* DreamLister.app */ = {isa = PBXFileReference; explicitFileType = wrapper.application; includeInIndex = 0; path = DreamLister.app; sourceTree = BUILT_PRODUCTS_DIR; };
		A3B7BC331E7F1E4E00DB8EBF /* AppDelegate.swift */ = {isa = PBXFileReference; lastKnownFileType = sourcecode.swift; path = AppDelegate.swift; sourceTree = "<group>"; };
		A3B7BC351E7F1E4E00DB8EBF /* ViewController.swift */ = {isa = PBXFileReference; lastKnownFileType = sourcecode.swift; path = ViewController.swift; sourceTree = "<group>"; };
		A3B7BC381E7F1E4E00DB8EBF /* Base */ = {isa = PBXFileReference; lastKnownFileType = file.storyboard; name = Base; path = Base.lproj/Main.storyboard; sourceTree = "<group>"; };
		A3B7BC3B1E7F1E4E00DB8EBF /* DreamLister.xcdatamodel */ = {isa = PBXFileReference; lastKnownFileType = wrapper.xcdatamodel; path = DreamLister.xcdatamodel; sourceTree = "<group>"; };
		A3B7BC3D1E7F1E4E00DB8EBF /* Assets.xcassets */ = {isa = PBXFileReference; lastKnownFileType = folder.assetcatalog; path = Assets.xcassets; sourceTree = "<group>"; };
		A3B7BC401E7F1E4E00DB8EBF /* Base */ = {isa = PBXFileReference; lastKnownFileType = file.storyboard; name = Base; path = Base.lproj/LaunchScreen.storyboard; sourceTree = "<group>"; };
		A3B7BC421E7F1E4E00DB8EBF /* Info.plist */ = {isa = PBXFileReference; lastKnownFileType = text.plist.xml; path = Info.plist; sourceTree = "<group>"; };
/* End PBXFileReference section */

/* Begin PBXFrameworksBuildPhase section */
		A3B7BC2D1E7F1E4E00DB8EBF /* Frameworks */ = {
			isa = PBXFrameworksBuildPhase;
			buildActionMask = 2147483647;
			files = (
			);
			runOnlyForDeploymentPostprocessing = 0;
		};
/* End PBXFrameworksBuildPhase section */

/* Begin PBXGroup section */
		A3B7BC271E7F1E4E00DB8EBF = {
			isa = PBXGroup;
			children = (
				A3B7BC321E7F1E4E00DB8EBF /* DreamLister */,
				A3B7BC311E7F1E4E00DB8EBF /* Products */,
			);
			sourceTree = "<group>";
		};
		A3B7BC311E7F1E4E00DB8EBF /* Products */ = {
			isa = PBXGroup;
			children = (
				A3B7BC301E7F1E4E00DB8EBF /* DreamLister.app */,
			);
			name = Products;
			sourceTree = "<group>";
		};
		A3B7BC321E7F1E4E00DB8EBF /* DreamLister */ = {
			isa = PBXGroup;
			children = (
				A3B7BC331E7F1E4E00DB8EBF /* AppDelegate.swift */,
				A3B7BC351E7F1E4E00DB8EBF /* ViewController.swift */,
				A3B7BC371E7F1E4E00DB8EBF /* Main.storyboard */,
				A3B7BC3D1E7F1E4E00DB8EBF /* Assets.xcassets */,
				A3B7BC3F1E7F1E4E00DB8EBF /* LaunchScreen.storyboard */,
				A3B7BC421E7F1E4E00DB8EBF /* Info.plist */,
				A3B7BC3A1E7F1E4E00DB8EBF /* DreamLister.xcdatamodeld */,
			);
			path = DreamLister;
			sourceTree = "<group>";
		};
/* End PBXGroup section */

/* Begin PBXNativeTarget section */
		A3B7BC2F1E7F1E4E00DB8EBF /* DreamLister */ = {
			isa = PBXNativeTarget;
			buildConfigurationList = A3B7BC451E7F1E4E00DB8EBF /* Build configuration list for PBXNativeTarget "DreamLister" */;
			buildPhases = (
				A3B7BC2C1E7F1E4E00DB8EBF /* Sources */,
				A3B7BC2D1E7F1E4E00DB8EBF /* Frameworks */,
				A3B7BC2E1E7F1E4E00DB8EBF /* Resources */,
			);
			buildRules = (
			);
			dependencies = (
			);
			name = DreamLister;
			productName = DreamLister;
			productReference = A3B7BC301E7F1E4E00DB8EBF /* DreamLister.app */;
			productType = "com.apple.product-type.application";
		};
/* End PBXNativeTarget section */

/* Begin PBXProject section */
		A3B7BC281E7F1E4E00DB8EBF /* Project object */ = {
			isa = PBXProject;
			attributes = {
				LastSwiftUpdateCheck = 0820;
				LastUpgradeCheck = 0820;
				ORGANIZATIONNAME = "Jonathan Tsistinas";
				TargetAttributes = {
					A3B7BC2F1E7F1E4E00DB8EBF = {
						CreatedOnToolsVersion = 8.2.1;
						ProvisioningStyle = Automatic;
					};
				};
			};
			buildConfigurationList = A3B7BC2B1E7F1E4E00DB8EBF /* Build configuration list for PBXProject "DreamLister" */;
			compatibilityVersion = "Xcode 3.2";
			developmentRegion = English;
			hasScannedForEncodings = 0;
			knownRegions = (
				en,
				Base,
			);
			mainGroup = A3B7BC271E7F1E4E00DB8EBF;
			productRefGroup = A3B7BC311E7F1E4E00DB8EBF /* Products */;
			projectDirPath = "";
			projectRoot = "";
			targets = (
				A3B7BC2F1E7F1E4E00DB8EBF /* DreamLister */,
			);
		};
/* End PBXProject section */

/* Begin PBXResourcesBuildPhase section */
		A3B7BC2E1E7F1E4E00DB8EBF /* Resources */ = {
			isa = PBXResourcesBuildPhase;
			buildActionMask = 2147483647;
			files = (
				A3B7BC411E7F1E4E00DB8EBF /* LaunchScreen.storyboard in Resources */,
				A3B7BC3E1E7F1E4E00DB8EBF /* Assets.xcassets in Resources */,
				A3B7BC391E7F1E4E00DB8EBF /* Main.storyboard in Resources */,
			);
			runOnlyForDeploymentPostprocessing = 0;
		};
/* End PBXResourcesBuildPhase section */

/* Begin PBXSourcesBuildPhase section */
		A3B7BC2C1E7F1E4E00DB8EBF /* Sources */ = {
			isa = PBXSourcesBuildPhase;
			buildActionMask = 2147483647;
			files = (
				A3B7BC361E7F1E4E00DB8EBF /* ViewController.swift in Sources */,
				A3B7BC341E7F1E4E00DB8EBF /* AppDelegate.swift in Sources */,
				A3B7BC3C1E7F1E4E00DB8EBF /* DreamLister.xcdatamodeld in Sources */,
			);
			runOnlyForDeploymentPostprocessing = 0;
		};
/* End PBXSourcesBuildPhase section */

/* Begin PBXVariantGroup section */
		A3B7BC371E7F1E4E00DB8EBF /* Main.storyboard */ = {
			isa = PBXVariantGroup;
			children = (
				A3B7BC381E7F1E4E00DB8EBF /* Base */,
			);
			name = Main.storyboard;
			sourceTree = "<group>";
		};
		A3B7BC3F1E7F1E4E00DB8EBF /* LaunchScreen.storyboard */ = {
			isa = PBXVariantGroup;
			children = (
				A3B7BC401E7F1E4E00DB8EBF /* Base */,
			);
			name = LaunchScreen.storyboard;
			sourceTree = "<group>";
		};
/* End PBXVariantGroup section */

/* Begin XCBuildConfiguration section */
		A3B7BC431E7F1E4E00DB8EBF /* Debug */ = {
			isa = XCBuildConfiguration;
			buildSettings = {
				ALWAYS_SEARCH_USER_PATHS = NO;
				CLANG_ANALYZER_NONNULL = YES;
				CLANG_CXX_LANGUAGE_STANDARD = "gnu++0x";
				CLANG_CXX_LIBRARY = "libc++";
				CLANG_ENABLE_MODULES = YES;
				CLANG_ENABLE_OBJC_ARC = YES;
				CLANG_WARN_BOOL_CONVERSION = YES;
				CLANG_WARN_CONSTANT_CONVERSION = YES;
				CLANG_WARN_DIRECT_OBJC_ISA_USAGE = YES_ERROR;
				CLANG_WARN_DOCUMENTATION_COMMENTS = YES;
				CLANG_WARN_EMPTY_BODY = YES;
				CLANG_WARN_ENUM_CONVERSION = YES;
				CLANG_WARN_INFINITE_RECURSION = YES;
				CLANG_WARN_INT_CONVERSION = YES;
				CLANG_WARN_OBJC_ROOT_CLASS = YES_ERROR;
				CLANG_WARN_SUSPICIOUS_MOVE = YES;
				CLANG_WARN_UNREACHABLE_CODE = YES;
				CLANG_WARN__DUPLICATE_METHOD_MATCH = YES;
				"CODE_SIGN_IDENTITY[sdk=iphoneos*]" = "iPhone Developer";
				COPY_PHASE_STRIP = NO;
				DEBUG_INFORMATION_FORMAT = dwarf;
				ENABLE_STRICT_OBJC_MSGSEND = YES;
				ENABLE_TESTABILITY = YES;
				GCC_C_LANGUAGE_STANDARD = gnu99;
				GCC_DYNAMIC_NO_PIC = NO;
				GCC_NO_COMMON_BLOCKS = YES;
				GCC_OPTIMIZATION_LEVEL = 0;
				GCC_PREPROCESSOR_DEFINITIONS = (
					"DEBUG=1",
					"$(inherited)",
				);
				GCC_WARN_64_TO_32_BIT_CONVERSION = YES;
				GCC_WARN_ABOUT_RETURN_TYPE = YES_ERROR;
				GCC_WARN_UNDECLARED_SELECTOR = YES;
				GCC_WARN_UNINITIALIZED_AUTOS = YES_AGGRESSIVE;
				GCC_WARN_UNUSED_FUNCTION = YES;
				GCC_WARN_UNUSED_VARIABLE = YES;
				IPHONEOS_DEPLOYMENT_TARGET = 10.2;
				MTL_ENABLE_DEBUG_INFO = YES;
				ONLY_ACTIVE_ARCH = YES;
				SDKROOT = iphoneos;
				SWIFT_ACTIVE_COMPILATION_CONDITIONS = DEBUG;
				SWIFT_OPTIMIZATION_LEVEL = "-Onone";
				TARGETED_DEVICE_FAMILY = "1,2";
			};
			name = Debug;
		};
		A3B7BC441E7F1E4E00DB8EBF /* Release */ = {
			isa = XCBuildConfiguration;
			buildSettings = {
				ALWAYS_SEARCH_USER_PATHS = NO;
				CLANG_ANALYZER_NONNULL = YES;
				CLANG_CXX_LANGUAGE_STANDARD = "gnu++0x";
				CLANG_CXX_LIBRARY = "libc++";
				CLANG_ENABLE_MODULES = YES;
				CLANG_ENABLE_OBJC_ARC = YES;
				CLANG_WARN_BOOL_CONVERSION = YES;
				CLANG_WARN_CONSTANT_CONVERSION = YES;
				CLANG_WARN_DIRECT_OBJC_ISA_USAGE = YES_ERROR;
				CLANG_WARN_DOCUMENTATION_COMMENTS = YES;
				CLANG_WARN_EMPTY_BODY = YES;
				CLANG_WARN_ENUM_CONVERSION = YES;
				CLANG_WARN_INFINITE_RECURSION = YES;
				CLANG_WARN_INT_CONVERSION = YES;
				CLANG_WARN_OBJC_ROOT_CLASS = YES_ERROR;
				CLANG_WARN_SUSPICIOUS_MOVE = YES;
				CLANG_WARN_UNREACHABLE_CODE = YES;
				CLANG_WARN__DUPLICATE_METHOD_MATCH = YES;
				"CODE_SIGN_IDENTITY[sdk=iphoneos*]" = "iPhone Developer";
				COPY_PHASE_STRIP = NO;
				DEBUG_INFORMATION_FORMAT = "dwarf-with-dsym";
				ENABLE_NS_ASSERTIONS = NO;
				ENABLE_STRICT_OBJC_MSGSEND = YES;
				GCC_C_LANGUAGE_STANDARD = gnu99;
				GCC_NO_COMMON_BLOCKS = YES;
				GCC_WARN_64_TO_32_BIT_CONVERSION = YES;
				GCC_WARN_ABOUT_RETURN_TYPE = YES_ERROR;
				GCC_WARN_UNDECLARED_SELECTOR = YES;
				GCC_WARN_UNINITIALIZED_AUTOS = YES_AGGRESSIVE;
				GCC_WARN_UNUSED_FUNCTION = YES;
				GCC_WARN_UNUSED_VARIABLE = YES;
				IPHONEOS_DEPLOYMENT_TARGET = 10.2;
				MTL_ENABLE_DEBUG_INFO = NO;
				SDKROOT = iphoneos;
				SWIFT_OPTIMIZATION_LEVEL = "-Owholemodule";
				TARGETED_DEVICE_FAMILY = "1,2";
				VALIDATE_PRODUCT = YES;
			};
			name = Release;
		};
		A3B7BC461E7F1E4E00DB8EBF /* Debug */ = {
			isa = XCBuildConfiguration;
			buildSettings = {
				ASSETCATALOG_COMPILER_APPICON_NAME = AppIcon;
				INFOPLIST_FILE = DreamLister/Info.plist;
				LD_RUNPATH_SEARCH_PATHS = "$(inherited) @executable_path/Frameworks";
				PRODUCT_BUNDLE_IDENTIFIER = com.Techinator.DreamLister;
				PRODUCT_NAME = "$(TARGET_NAME)";
				SWIFT_VERSION = 3.0;
			};
			name = Debug;
		};
		A3B7BC471E7F1E4E00DB8EBF /* Release */ = {
			isa = XCBuildConfiguration;
			buildSettings = {
				ASSETCATALOG_COMPILER_APPICON_NAME = AppIcon;
				INFOPLIST_FILE = DreamLister/Info.plist;
				LD_RUNPATH_SEARCH_PATHS = "$(inherited) @executable_path/Frameworks";
				PRODUCT_BUNDLE_IDENTIFIER = com.Techinator.DreamLister;
				PRODUCT_NAME = "$(TARGET_NAME)";
				SWIFT_VERSION = 3.0;
			};
			name = Release;
		};
/* End XCBuildConfiguration section */

/* Begin XCConfigurationList section */
		A3B7BC2B1E7F1E4E00DB8EBF /* Build configuration list for PBXProject "DreamLister" */ = {
			isa = XCConfigurationList;
			buildConfigurations = (
				A3B7BC431E7F1E4E00DB8EBF /* Debug */,
				A3B7BC441E7F1E4E00DB8EBF /* Release */,
			);
			defaultConfigurationIsVisible = 0;
			defaultConfigurationName = Release;
		};
		A3B7BC451E7F1E4E00DB8EBF /* Build configuration list for PBXNativeTarget "DreamLister" */ = {
			isa = XCConfigurationList;
			buildConfigurations = (
				A3B7BC461E7F1E4E00DB8EBF /* Debug */,
				A3B7BC471E7F1E4E00DB8EBF /* Release */,
			);
			defaultConfigurationIsVisible = 0;
		};
/* End XCConfigurationList section */

/* Begin XCVersionGroup section */
		A3B7BC3A1E7F1E4E00DB8EBF /* DreamLister.xcdatamodeld */ = {
			isa = XCVersionGroup;
			children = (
				A3B7BC3B1E7F1E4E00DB8EBF /* DreamLister.xcdatamodel */,
			);
			currentVersion = A3B7BC3B1E7F1E4E00DB8EBF /* DreamLister.xcdatamodel */;
			path = DreamLister.xcdatamodeld;
			sourceTree = "<group>";
			versionGroupType = wrapper.xcdatamodel;
		};
/* End XCVersionGroup section */
	};
	rootObject = A3B7BC281E7F1E4E00DB8EBF /* Project object */;
}
